
Microsoft Visual Studio Solution File, Format Version 12.00
# Visual Studio Version 16
VisualStudioVersion = 16.0.32106.194
MinimumVisualStudioVersion = 10.0.40219.1
Project("{FAE04EC0-301F-11D3-BF4B-00C04F79EFBC}") = "RepositoryOfVehicle.Business", "RepositoryOfVehicle.Business\RepositoryOfVehicle.Business.csproj", "{CFC7EB24-AEAE-4C6A-AE54-DE88E0FEB7E9}"
EndProject
Project("{FAE04EC0-301F-11D3-BF4B-00C04F79EFBC}") = "RepositoryOfVehicle.Core", "RepositoryOfVehicle.Core\RepositoryOfVehicle.Core.csproj", "{96100E99-8085-4F4B-AFEA-78BB1E204D57}"
EndProject
Project("{FAE04EC0-301F-11D3-BF4B-00C04F79EFBC}") = "RepositoryOfVehicle.DataAccess", "RepositoryOfVehicle.DataAccess\RepositoryOfVehicle.DataAccess.csproj", "{D386201C-57FF-4B73-866C-1B711A404D43}"
EndProject
Project("{FAE04EC0-301F-11D3-BF4B-00C04F79EFBC}") = "RepositoryOfVehicle.Entities", "RepositoryOfVehicle.Entities\RepositoryOfVehicle.Entities.csproj", "{556F4DA1-27B8-4CBF-B6A3-F1A54B377660}"
EndProject
Project("{FAE04EC0-301F-11D3-BF4B-00C04F79EFBC}") = "RepositoryOfVehicle.WebApi", "RepositoryOfVehicle.WebApi\RepositoryOfVehicle.WebApi.csproj", "{2A1FB21F-5A57-47A9-83A8-F5662D301C6F}"
EndProject
Global
	GlobalSection(SolutionConfigurationPlatforms) = preSolution
		Debug|Any CPU = Debug|Any CPU
		Release|Any CPU = Release|Any CPU
	EndGlobalSection
	GlobalSection(ProjectConfigurationPlatforms) = postSolution
		{CFC7EB24-AEAE-4C6A-AE54-DE88E0FEB7E9}.Debug|Any CPU.ActiveCfg = Debug|Any CPU
		{CFC7EB24-AEAE-4C6A-AE54-DE88E0FEB7E9}.Debug|Any CPU.Build.0 = Debug|Any CPU
		{CFC7EB24-AEAE-4C6A-AE54-DE88E0FEB7E9}.Release|Any CPU.ActiveCfg = Release|Any CPU
		{CFC7EB24-AEAE-4C6A-AE54-DE88E0FEB7E9}.Release|Any CPU.Build.0 = Release|Any CPU
		{96100E99-8085-4F4B-AFEA-78BB1E204D57}.Debug|Any CPU.ActiveCfg = Debug|Any CPU
		{96100E99-8085-4F4B-AFEA-78BB1E204D57}.Debug|Any CPU.Build.0 = Debug|Any CPU
		{96100E99-8085-4F4B-AFEA-78BB1E204D57}.Release|Any CPU.ActiveCfg = Release|Any CPU
		{96100E99-8085-4F4B-AFEA-78BB1E204D57}.Release|Any CPU.Build.0 = Release|Any CPU
		{D386201C-57FF-4B73-866C-1B711A404D43}.Debug|Any CPU.ActiveCfg = Debug|Any CPU
		{D386201C-57FF-4B73-866C-1B711A404D43}.Debug|Any CPU.Build.0 = Debug|Any CPU
		{D386201C-57FF-4B73-866C-1B711A404D43}.Release|Any CPU.ActiveCfg = Release|Any CPU
		{D386201C-57FF-4B73-866C-1B711A404D43}.Release|Any CPU.Build.0 = Release|Any CPU
		{556F4DA1-27B8-4CBF-B6A3-F1A54B377660}.Debug|Any CPU.ActiveCfg = Debug|Any CPU
		{556F4DA1-27B8-4CBF-B6A3-F1A54B377660}.Debug|Any CPU.Build.0 = Debug|Any CPU
		{556F4DA1-27B8-4CBF-B6A3-F1A54B377660}.Release|Any CPU.ActiveCfg = Release|Any CPU
		{556F4DA1-27B8-4CBF-B6A3-F1A54B377660}.Release|Any CPU.Build.0 = Release|Any CPU
		{2A1FB21F-5A57-47A9-83A8-F5662D301C6F}.Debug|Any CPU.ActiveCfg = Debug|Any CPU
		{2A1FB21F-5A57-47A9-83A8-F5662D301C6F}.Debug|Any CPU.Build.0 = Debug|Any CPU
		{2A1FB21F-5A57-47A9-83A8-F5662D301C6F}.Release|Any CPU.ActiveCfg = Release|Any CPU
		{2A1FB21F-5A57-47A9-83A8-F5662D301C6F}.Release|Any CPU.Build.0 = Release|Any CPU
	EndGlobalSection
	GlobalSection(SolutionProperties) = preSolution
		HideSolutionNode = FALSE
	EndGlobalSection
	GlobalSection(ExtensibilityGlobals) = postSolution
		SolutionGuid = {30250171-B393-46FE-B182-151E9B0B254B}
	EndGlobalSection
EndGlobal
